// !$*UTF8*$!
{
	archiveVersion = 1;
	classes = {
	};
	objectVersion = 46;
	objects = {

/* Begin PBXBuildFile section */
		1F31FDB716511D5B00A36208 /* UIKit.framework in Frameworks */ = {isa = PBXBuildFile; fileRef = 1F31FDB616511D5B00A36208 /* UIKit.framework */; };
		1F31FDB916511D5B00A36208 /* Foundation.framework in Frameworks */ = {isa = PBXBuildFile; fileRef = 1F31FDB816511D5B00A36208 /* Foundation.framework */; };
		1F31FDBB16511D5B00A36208 /* CoreGraphics.framework in Frameworks */ = {isa = PBXBuildFile; fileRef = 1F31FDBA16511D5B00A36208 /* CoreGraphics.framework */; };
		1F31FDC116511D5C00A36208 /* InfoPlist.strings in Resources */ = {isa = PBXBuildFile; fileRef = 1F31FDBF16511D5C00A36208 /* InfoPlist.strings */; };
		1F31FDC316511D5C00A36208 /* main.m in Sources */ = {isa = PBXBuildFile; fileRef = 1F31FDC216511D5C00A36208 /* main.m */; };
		1F31FDC716511D5C00A36208 /* AppDelegate.m in Sources */ = {isa = PBXBuildFile; fileRef = 1F31FDC616511D5C00A36208 /* AppDelegate.m */; };
		1F31FDC916511D5C00A36208 /* Default.png in Resources */ = {isa = PBXBuildFile; fileRef = 1F31FDC816511D5C00A36208 /* Default.png */; };
		1F31FDCB16511D5C00A36208 /* Default@2x.png in Resources */ = {isa = PBXBuildFile; fileRef = 1F31FDCA16511D5C00A36208 /* Default@2x.png */; };
		1F31FDCD16511D5C00A36208 /* Default-568h@2x.png in Resources */ = {isa = PBXBuildFile; fileRef = 1F31FDCC16511D5C00A36208 /* Default-568h@2x.png */; };
		1F31FDD016511D5C00A36208 /* MainStoryboard.storyboard in Resources */ = {isa = PBXBuildFile; fileRef = 1F31FDCE16511D5C00A36208 /* MainStoryboard.storyboard */; };
		1F31FDE31651236B00A36208 /* SignInViewController.m in Sources */ = {isa = PBXBuildFile; fileRef = 1F31FDE21651236B00A36208 /* SignInViewController.m */; };
		1F31FDEF165129E400A36208 /* ECSlidingViewController.m in Sources */ = {isa = PBXBuildFile; fileRef = 1F31FDEC165129E400A36208 /* ECSlidingViewController.m */; };
		1F31FDF0165129E400A36208 /* UIImage+ImageWithUIView.m in Sources */ = {isa = PBXBuildFile; fileRef = 1F31FDEE165129E400A36208 /* UIImage+ImageWithUIView.m */; };
		1F31FDFA165131BF00A36208 /* MenuViewController.m in Sources */ = {isa = PBXBuildFile; fileRef = 1F31FDF9165131BF00A36208 /* MenuViewController.m */; };
		1F31FDFD165133EB00A36208 /* ProfileViewController.m in Sources */ = {isa = PBXBuildFile; fileRef = 1F31FDFC165133EB00A36208 /* ProfileViewController.m */; };
		1F31FE071651349300A36208 /* AuditionsViewController.m in Sources */ = {isa = PBXBuildFile; fileRef = 1F31FE061651349300A36208 /* AuditionsViewController.m */; };
		1F31FE0C165134CE00A36208 /* CalendarViewController.m in Sources */ = {isa = PBXBuildFile; fileRef = 1F31FE09165134CE00A36208 /* CalendarViewController.m */; };
		1F31FE0D165134CE00A36208 /* MessagesViewController.m in Sources */ = {isa = PBXBuildFile; fileRef = 1F31FE0B165134CE00A36208 /* MessagesViewController.m */; };
		1F31FE13165147B200A36208 /* InitialSlidingViewController.m in Sources */ = {isa = PBXBuildFile; fileRef = 1F31FE12165147B100A36208 /* InitialSlidingViewController.m */; };
		1F31FE161651625500A36208 /* Calendar.png in Resources */ = {isa = PBXBuildFile; fileRef = 1F31FE151651625500A36208 /* Calendar.png */; };
		1F31FE18165162D800A36208 /* Messages.png in Resources */ = {isa = PBXBuildFile; fileRef = 1F31FE17165162D800A36208 /* Messages.png */; };
		1F31FE1A1651637900A36208 /* Profile.png in Resources */ = {isa = PBXBuildFile; fileRef = 1F31FE191651637900A36208 /* Profile.png */; };
		1F31FE1C165163B800A36208 /* Audition.png in Resources */ = {isa = PBXBuildFile; fileRef = 1F31FE1B165163B800A36208 /* Audition.png */; };
		1F31FE211651676F00A36208 /* Wall.png in Resources */ = {isa = PBXBuildFile; fileRef = 1F31FE201651676F00A36208 /* Wall.png */; };
		1F31FE6E1652668500A36208 /* NavigationTopViewController.m in Sources */ = {isa = PBXBuildFile; fileRef = 1F31FE6D1652668500A36208 /* NavigationTopViewController.m */; };
		1F37AD6F1653CA7B0088296B /* demo.png in Resources */ = {isa = PBXBuildFile; fileRef = 1F37AD6E1653CA7B0088296B /* demo.png */; };
		1F37AD751653CC510088296B /* playButton.png in Resources */ = {isa = PBXBuildFile; fileRef = 1F37AD741653CC510088296B /* playButton.png */; };
		1F37AD771653D1470088296B /* MediaPlayer.framework in Frameworks */ = {isa = PBXBuildFile; fileRef = 1F37AD761653D1460088296B /* MediaPlayer.framework */; };
		1F37AD781653D4B90088296B /* demo.mp4 in Resources */ = {isa = PBXBuildFile; fileRef = 1F37AD651653C6810088296B /* demo.mp4 */; };
		1F37ADB41654F42B0088296B /* CKCalendarView.m in Sources */ = {isa = PBXBuildFile; fileRef = 1F37ADAE1654F42B0088296B /* CKCalendarView.m */; };
		1F37ADB51654F42B0088296B /* left_arrow.png in Resources */ = {isa = PBXBuildFile; fileRef = 1F37ADB01654F42B0088296B /* left_arrow.png */; };
		1F37ADB61654F42B0088296B /* left_arrow@2x.png in Resources */ = {isa = PBXBuildFile; fileRef = 1F37ADB11654F42B0088296B /* left_arrow@2x.png */; };
		1F37ADB71654F42B0088296B /* right_arrow.png in Resources */ = {isa = PBXBuildFile; fileRef = 1F37ADB21654F42B0088296B /* right_arrow.png */; };
		1F37ADB81654F42B0088296B /* right_arrow@2x.png in Resources */ = {isa = PBXBuildFile; fileRef = 1F37ADB31654F42B0088296B /* right_arrow@2x.png */; };
		1F37ADBA1654F4C40088296B /* QuartzCore.framework in Frameworks */ = {isa = PBXBuildFile; fileRef = 1F37ADB91654F4C40088296B /* QuartzCore.framework */; };
		1FDE07871652ABE90047A9B5 /* JohnAppleseed.png in Resources */ = {isa = PBXBuildFile; fileRef = 1FDE07861652ABE90047A9B5 /* JohnAppleseed.png */; };
		1FF0EA9D16552CF500D3F689 /* ResumeViewController.m in Sources */ = {isa = PBXBuildFile; fileRef = 1FF0EA9C16552CF500D3F689 /* ResumeViewController.m */; };
		1FF0EAA116552F8D00D3F689 /* Resume.pdf in Resources */ = {isa = PBXBuildFile; fileRef = 1FF0EAA016552F8D00D3F689 /* Resume.pdf */; };
		E48237C5165253A8000C769C /* WallViewController.m in Sources */ = {isa = PBXBuildFile; fileRef = E48237C4165253A8000C769C /* WallViewController.m */; };
		E4FCA03016525A30004FCBC6 /* WallCell.m in Sources */ = {isa = PBXBuildFile; fileRef = E4FCA02F16525A30004FCBC6 /* WallCell.m */; };
		E4FCA03E16525B27004FCBC6 /* bookmark_blue.png in Resources */ = {isa = PBXBuildFile; fileRef = E4FCA03216525B27004FCBC6 /* bookmark_blue.png */; };
		E4FCA03F16525B27004FCBC6 /* bookmark_blue@2x.png in Resources */ = {isa = PBXBuildFile; fileRef = E4FCA03316525B27004FCBC6 /* bookmark_blue@2x.png */; };
		E4FCA04016525B27004FCBC6 /* bookmark_green.png in Resources */ = {isa = PBXBuildFile; fileRef = E4FCA03416525B27004FCBC6 /* bookmark_green.png */; };
		E4FCA04116525B27004FCBC6 /* bookmark_green@2x.png in Resources */ = {isa = PBXBuildFile; fileRef = E4FCA03516525B27004FCBC6 /* bookmark_green@2x.png */; };
		E4FCA04216525B27004FCBC6 /* bookmark_red.png in Resources */ = {isa = PBXBuildFile; fileRef = E4FCA03616525B27004FCBC6 /* bookmark_red.png */; };
		E4FCA04316525B27004FCBC6 /* bookmark_red@2x.png in Resources */ = {isa = PBXBuildFile; fileRef = E4FCA03716525B27004FCBC6 /* bookmark_red@2x.png */; };
		E4FCA04416525B27004FCBC6 /* bookmark_yellow.png in Resources */ = {isa = PBXBuildFile; fileRef = E4FCA03816525B27004FCBC6 /* bookmark_yellow.png */; };
		E4FCA04516525B27004FCBC6 /* bookmark_yellow@2x.png in Resources */ = {isa = PBXBuildFile; fileRef = E4FCA03916525B27004FCBC6 /* bookmark_yellow@2x.png */; };
		E4FCA04616525B27004FCBC6 /* corkboard.png in Resources */ = {isa = PBXBuildFile; fileRef = E4FCA03A16525B27004FCBC6 /* corkboard.png */; };
		E4FCA04716525B27004FCBC6 /* pushpin.png in Resources */ = {isa = PBXBuildFile; fileRef = E4FCA03B16525B27004FCBC6 /* pushpin.png */; };
		E4FCA04816525B27004FCBC6 /* TSItemPolaroid.m in Sources */ = {isa = PBXBuildFile; fileRef = E4FCA03D16525B27004FCBC6 /* TSItemPolaroid.m */; };
		E4FCA04A16526D10004FCBC6 /* Cinema-Display.png in Resources */ = {isa = PBXBuildFile; fileRef = E4FCA04916526D10004FCBC6 /* Cinema-Display.png */; };
		E4FCA0601652736C004FCBC6 /* BlockActionSheet.m in Sources */ = {isa = PBXBuildFile; fileRef = E4FCA0591652736C004FCBC6 /* BlockActionSheet.m */; };
		E4FCA0611652736C004FCBC6 /* BlockAlertView.m in Sources */ = {isa = PBXBuildFile; fileRef = E4FCA05B1652736C004FCBC6 /* BlockAlertView.m */; };
		E4FCA0621652736C004FCBC6 /* BlockBackground.m in Sources */ = {isa = PBXBuildFile; fileRef = E4FCA05D1652736C004FCBC6 /* BlockBackground.m */; };
		E4FCA0631652736C004FCBC6 /* BlockTextPromptAlertView.m in Sources */ = {isa = PBXBuildFile; fileRef = E4FCA05F1652736C004FCBC6 /* BlockTextPromptAlertView.m */; };
		E4FCA07D165273D3004FCBC6 /* action-black-button-selected.png in Resources */ = {isa = PBXBuildFile; fileRef = E4FCA066165273D2004FCBC6 /* action-black-button-selected.png */; };
		E4FCA07E165273D3004FCBC6 /* action-black-button-selected@2x.png in Resources */ = {isa = PBXBuildFile; fileRef = E4FCA067165273D2004FCBC6 /* action-black-button-selected@2x.png */; };
		E4FCA07F165273D3004FCBC6 /* action-black-button.png in Resources */ = {isa = PBXBuildFile; fileRef = E4FCA068165273D2004FCBC6 /* action-black-button.png */; };
		E4FCA080165273D3004FCBC6 /* action-black-button@2x.png in Resources */ = {isa = PBXBuildFile; fileRef = E4FCA069165273D2004FCBC6 /* action-black-button@2x.png */; };
		E4FCA081165273D3004FCBC6 /* action-gray-button-selected.png in Resources */ = {isa = PBXBuildFile; fileRef = E4FCA06A165273D2004FCBC6 /* action-gray-button-selected.png */; };
		E4FCA082165273D3004FCBC6 /* action-gray-button-selected@2x.png in Resources */ = {isa = PBXBuildFile; fileRef = E4FCA06B165273D2004FCBC6 /* action-gray-button-selected@2x.png */; };
		E4FCA083165273D3004FCBC6 /* action-gray-button.png in Resources */ = {isa = PBXBuildFile; fileRef = E4FCA06C165273D2004FCBC6 /* action-gray-button.png */; };
		E4FCA084165273D3004FCBC6 /* action-gray-button@2x.png in Resources */ = {isa = PBXBuildFile; fileRef = E4FCA06D165273D2004FCBC6 /* action-gray-button@2x.png */; };
		E4FCA085165273D3004FCBC6 /* action-red-button-selected.png in Resources */ = {isa = PBXBuildFile; fileRef = E4FCA06E165273D2004FCBC6 /* action-red-button-selected.png */; };
		E4FCA086165273D3004FCBC6 /* action-red-button-selected@2x.png in Resources */ = {isa = PBXBuildFile; fileRef = E4FCA06F165273D2004FCBC6 /* action-red-button-selected@2x.png */; };
		E4FCA087165273D3004FCBC6 /* action-red-button.png in Resources */ = {isa = PBXBuildFile; fileRef = E4FCA070165273D2004FCBC6 /* action-red-button.png */; };
		E4FCA088165273D3004FCBC6 /* action-red-button@2x.png in Resources */ = {isa = PBXBuildFile; fileRef = E4FCA071165273D2004FCBC6 /* action-red-button@2x.png */; };
		E4FCA089165273D3004FCBC6 /* action-sheet-panel.png in Resources */ = {isa = PBXBuildFile; fileRef = E4FCA072165273D2004FCBC6 /* action-sheet-panel.png */; };
		E4FCA08A165273D3004FCBC6 /* action-sheet-panel@2x.png in Resources */ = {isa = PBXBuildFile; fileRef = E4FCA073165273D2004FCBC6 /* action-sheet-panel@2x.png */; };
		E4FCA08B165273D3004FCBC6 /* alert-black-button.png in Resources */ = {isa = PBXBuildFile; fileRef = E4FCA075165273D2004FCBC6 /* alert-black-button.png */; };
		E4FCA08C165273D3004FCBC6 /* alert-black-button@2x.png in Resources */ = {isa = PBXBuildFile; fileRef = E4FCA076165273D2004FCBC6 /* alert-black-button@2x.png */; };
		E4FCA08D165273D3004FCBC6 /* alert-gray-button.png in Resources */ = {isa = PBXBuildFile; fileRef = E4FCA077165273D2004FCBC6 /* alert-gray-button.png */; };
		E4FCA08E165273D3004FCBC6 /* alert-gray-button@2x.png in Resources */ = {isa = PBXBuildFile; fileRef = E4FCA078165273D2004FCBC6 /* alert-gray-button@2x.png */; };
		E4FCA08F165273D3004FCBC6 /* alert-red-button.png in Resources */ = {isa = PBXBuildFile; fileRef = E4FCA079165273D2004FCBC6 /* alert-red-button.png */; };
		E4FCA090165273D3004FCBC6 /* alert-red-button@2x.png in Resources */ = {isa = PBXBuildFile; fileRef = E4FCA07A165273D2004FCBC6 /* alert-red-button@2x.png */; };
		E4FCA091165273D3004FCBC6 /* alert-window.png in Resources */ = {isa = PBXBuildFile; fileRef = E4FCA07B165273D2004FCBC6 /* alert-window.png */; };
		E4FCA092165273D3004FCBC6 /* alert-window@2x.png in Resources */ = {isa = PBXBuildFile; fileRef = E4FCA07C165273D2004FCBC6 /* alert-window@2x.png */; };
/* End PBXBuildFile section */

/* Begin PBXFileReference section */
		1F31FDB216511D5B00A36208 /* CastBookDemo.app */ = {isa = PBXFileReference; explicitFileType = wrapper.application; includeInIndex = 0; path = CastBookDemo.app; sourceTree = BUILT_PRODUCTS_DIR; };
		1F31FDB616511D5B00A36208 /* UIKit.framework */ = {isa = PBXFileReference; lastKnownFileType = wrapper.framework; name = UIKit.framework; path = System/Library/Frameworks/UIKit.framework; sourceTree = SDKROOT; };
		1F31FDB816511D5B00A36208 /* Foundation.framework */ = {isa = PBXFileReference; lastKnownFileType = wrapper.framework; name = Foundation.framework; path = System/Library/Frameworks/Foundation.framework; sourceTree = SDKROOT; };
		1F31FDBA16511D5B00A36208 /* CoreGraphics.framework */ = {isa = PBXFileReference; lastKnownFileType = wrapper.framework; name = CoreGraphics.framework; path = System/Library/Frameworks/CoreGraphics.framework; sourceTree = SDKROOT; };
		1F31FDBE16511D5C00A36208 /* CastBookDemo-Info.plist */ = {isa = PBXFileReference; lastKnownFileType = text.plist.xml; path = "CastBookDemo-Info.plist"; sourceTree = "<group>"; };
		1F31FDC016511D5C00A36208 /* en */ = {isa = PBXFileReference; lastKnownFileType = text.plist.strings; name = en; path = en.lproj/InfoPlist.strings; sourceTree = "<group>"; };
		1F31FDC216511D5C00A36208 /* main.m */ = {isa = PBXFileReference; lastKnownFileType = sourcecode.c.objc; path = main.m; sourceTree = "<group>"; };
		1F31FDC416511D5C00A36208 /* CastBookDemo-Prefix.pch */ = {isa = PBXFileReference; lastKnownFileType = sourcecode.c.h; path = "CastBookDemo-Prefix.pch"; sourceTree = "<group>"; };
		1F31FDC516511D5C00A36208 /* AppDelegate.h */ = {isa = PBXFileReference; lastKnownFileType = sourcecode.c.h; path = AppDelegate.h; sourceTree = "<group>"; };
		1F31FDC616511D5C00A36208 /* AppDelegate.m */ = {isa = PBXFileReference; lastKnownFileType = sourcecode.c.objc; path = AppDelegate.m; sourceTree = "<group>"; };
		1F31FDC816511D5C00A36208 /* Default.png */ = {isa = PBXFileReference; lastKnownFileType = image.png; path = Default.png; sourceTree = "<group>"; };
		1F31FDCA16511D5C00A36208 /* Default@2x.png */ = {isa = PBXFileReference; lastKnownFileType = image.png; path = "Default@2x.png"; sourceTree = "<group>"; };
		1F31FDCC16511D5C00A36208 /* Default-568h@2x.png */ = {isa = PBXFileReference; lastKnownFileType = image.png; path = "Default-568h@2x.png"; sourceTree = "<group>"; };
		1F31FDCF16511D5C00A36208 /* en */ = {isa = PBXFileReference; lastKnownFileType = file.storyboard; name = en; path = en.lproj/MainStoryboard.storyboard; sourceTree = "<group>"; };
		1F31FDE11651236B00A36208 /* SignInViewController.h */ = {isa = PBXFileReference; fileEncoding = 4; lastKnownFileType = sourcecode.c.h; name = SignInViewController.h; path = Controllers/SignInViewController.h; sourceTree = "<group>"; };
		1F31FDE21651236B00A36208 /* SignInViewController.m */ = {isa = PBXFileReference; fileEncoding = 4; lastKnownFileType = sourcecode.c.objc; name = SignInViewController.m; path = Controllers/SignInViewController.m; sourceTree = "<group>"; };
		1F31FDEB165129E400A36208 /* ECSlidingViewController.h */ = {isa = PBXFileReference; fileEncoding = 4; lastKnownFileType = sourcecode.c.h; path = ECSlidingViewController.h; sourceTree = "<group>"; };
		1F31FDEC165129E400A36208 /* ECSlidingViewController.m */ = {isa = PBXFileReference; fileEncoding = 4; lastKnownFileType = sourcecode.c.objc; path = ECSlidingViewController.m; sourceTree = "<group>"; };
		1F31FDED165129E400A36208 /* UIImage+ImageWithUIView.h */ = {isa = PBXFileReference; fileEncoding = 4; lastKnownFileType = sourcecode.c.h; path = "UIImage+ImageWithUIView.h"; sourceTree = "<group>"; };
		1F31FDEE165129E400A36208 /* UIImage+ImageWithUIView.m */ = {isa = PBXFileReference; fileEncoding = 4; lastKnownFileType = sourcecode.c.objc; path = "UIImage+ImageWithUIView.m"; sourceTree = "<group>"; };
		1F31FDF8165131BF00A36208 /* MenuViewController.h */ = {isa = PBXFileReference; fileEncoding = 4; lastKnownFileType = sourcecode.c.h; name = MenuViewController.h; path = Controllers/MenuViewController.h; sourceTree = "<group>"; };
		1F31FDF9165131BF00A36208 /* MenuViewController.m */ = {isa = PBXFileReference; fileEncoding = 4; lastKnownFileType = sourcecode.c.objc; name = MenuViewController.m; path = Controllers/MenuViewController.m; sourceTree = "<group>"; };
		1F31FDFB165133EB00A36208 /* ProfileViewController.h */ = {isa = PBXFileReference; fileEncoding = 4; lastKnownFileType = sourcecode.c.h; name = ProfileViewController.h; path = Controllers/ProfileViewController.h; sourceTree = "<group>"; };
		1F31FDFC165133EB00A36208 /* ProfileViewController.m */ = {isa = PBXFileReference; fileEncoding = 4; lastKnownFileType = sourcecode.c.objc; name = ProfileViewController.m; path = Controllers/ProfileViewController.m; sourceTree = "<group>"; };
		1F31FE051651349300A36208 /* AuditionsViewController.h */ = {isa = PBXFileReference; fileEncoding = 4; lastKnownFileType = sourcecode.c.h; name = AuditionsViewController.h; path = Controllers/AuditionsViewController.h; sourceTree = "<group>"; };
		1F31FE061651349300A36208 /* AuditionsViewController.m */ = {isa = PBXFileReference; fileEncoding = 4; lastKnownFileType = sourcecode.c.objc; name = AuditionsViewController.m; path = Controllers/AuditionsViewController.m; sourceTree = "<group>"; };
		1F31FE08165134CE00A36208 /* CalendarViewController.h */ = {isa = PBXFileReference; fileEncoding = 4; lastKnownFileType = sourcecode.c.h; name = CalendarViewController.h; path = Controllers/CalendarViewController.h; sourceTree = "<group>"; };
		1F31FE09165134CE00A36208 /* CalendarViewController.m */ = {isa = PBXFileReference; fileEncoding = 4; lastKnownFileType = sourcecode.c.objc; name = CalendarViewController.m; path = Controllers/CalendarViewController.m; sourceTree = "<group>"; };
		1F31FE0A165134CE00A36208 /* MessagesViewController.h */ = {isa = PBXFileReference; fileEncoding = 4; lastKnownFileType = sourcecode.c.h; name = MessagesViewController.h; path = Controllers/MessagesViewController.h; sourceTree = "<group>"; };
		1F31FE0B165134CE00A36208 /* MessagesViewController.m */ = {isa = PBXFileReference; fileEncoding = 4; lastKnownFileType = sourcecode.c.objc; name = MessagesViewController.m; path = Controllers/MessagesViewController.m; sourceTree = "<group>"; };
		1F31FE11165147B000A36208 /* InitialSlidingViewController.h */ = {isa = PBXFileReference; fileEncoding = 4; lastKnownFileType = sourcecode.c.h; name = InitialSlidingViewController.h; path = Controllers/InitialSlidingViewController.h; sourceTree = "<group>"; };
		1F31FE12165147B100A36208 /* InitialSlidingViewController.m */ = {isa = PBXFileReference; fileEncoding = 4; lastKnownFileType = sourcecode.c.objc; name = InitialSlidingViewController.m; path = Controllers/InitialSlidingViewController.m; sourceTree = "<group>"; };
		1F31FE151651625500A36208 /* Calendar.png */ = {isa = PBXFileReference; lastKnownFileType = image.png; path = Calendar.png; sourceTree = "<group>"; };
		1F31FE17165162D800A36208 /* Messages.png */ = {isa = PBXFileReference; lastKnownFileType = image.png; path = Messages.png; sourceTree = "<group>"; };
		1F31FE191651637900A36208 /* Profile.png */ = {isa = PBXFileReference; lastKnownFileType = image.png; path = Profile.png; sourceTree = "<group>"; };
		1F31FE1B165163B800A36208 /* Audition.png */ = {isa = PBXFileReference; lastKnownFileType = image.png; path = Audition.png; sourceTree = "<group>"; };
		1F31FE201651676F00A36208 /* Wall.png */ = {isa = PBXFileReference; lastKnownFileType = image.png; path = Wall.png; sourceTree = "<group>"; };
		1F31FE6C1652668400A36208 /* NavigationTopViewController.h */ = {isa = PBXFileReference; fileEncoding = 4; lastKnownFileType = sourcecode.c.h; name = NavigationTopViewController.h; path = Controllers/NavigationTopViewController.h; sourceTree = "<group>"; };
		1F31FE6D1652668500A36208 /* NavigationTopViewController.m */ = {isa = PBXFileReference; fileEncoding = 4; lastKnownFileType = sourcecode.c.objc; name = NavigationTopViewController.m; path = Controllers/NavigationTopViewController.m; sourceTree = "<group>"; };
		1F37AD651653C6810088296B /* demo.mp4 */ = {isa = PBXFileReference; lastKnownFileType = file; path = demo.mp4; sourceTree = "<group>"; };
		1F37AD6E1653CA7B0088296B /* demo.png */ = {isa = PBXFileReference; lastKnownFileType = image.png; path = demo.png; sourceTree = "<group>"; };
		1F37AD741653CC510088296B /* playButton.png */ = {isa = PBXFileReference; lastKnownFileType = image.png; path = playButton.png; sourceTree = "<group>"; };
		1F37AD761653D1460088296B /* MediaPlayer.framework */ = {isa = PBXFileReference; lastKnownFileType = wrapper.framework; name = MediaPlayer.framework; path = System/Library/Frameworks/MediaPlayer.framework; sourceTree = SDKROOT; };
		1F37ADAD1654F42B0088296B /* CKCalendarView.h */ = {isa = PBXFileReference; fileEncoding = 4; lastKnownFileType = sourcecode.c.h; path = CKCalendarView.h; sourceTree = "<group>"; };
		1F37ADAE1654F42B0088296B /* CKCalendarView.m */ = {isa = PBXFileReference; fileEncoding = 4; lastKnownFileType = sourcecode.c.objc; path = CKCalendarView.m; sourceTree = "<group>"; };
		1F37ADB01654F42B0088296B /* left_arrow.png */ = {isa = PBXFileReference; lastKnownFileType = image.png; path = left_arrow.png; sourceTree = "<group>"; };
		1F37ADB11654F42B0088296B /* left_arrow@2x.png */ = {isa = PBXFileReference; lastKnownFileType = image.png; path = "left_arrow@2x.png"; sourceTree = "<group>"; };
		1F37ADB21654F42B0088296B /* right_arrow.png */ = {isa = PBXFileReference; lastKnownFileType = image.png; path = right_arrow.png; sourceTree = "<group>"; };
		1F37ADB31654F42B0088296B /* right_arrow@2x.png */ = {isa = PBXFileReference; lastKnownFileType = image.png; path = "right_arrow@2x.png"; sourceTree = "<group>"; };
		1F37ADB91654F4C40088296B /* QuartzCore.framework */ = {isa = PBXFileReference; lastKnownFileType = wrapper.framework; name = QuartzCore.framework; path = System/Library/Frameworks/QuartzCore.framework; sourceTree = SDKROOT; };
		1FDE07861652ABE90047A9B5 /* JohnAppleseed.png */ = {isa = PBXFileReference; lastKnownFileType = image.png; path = JohnAppleseed.png; sourceTree = "<group>"; };
		1FF0EA9B16552CF500D3F689 /* ResumeViewController.h */ = {isa = PBXFileReference; fileEncoding = 4; lastKnownFileType = sourcecode.c.h; name = ResumeViewController.h; path = Controllers/ResumeViewController.h; sourceTree = "<group>"; };
		1FF0EA9C16552CF500D3F689 /* ResumeViewController.m */ = {isa = PBXFileReference; fileEncoding = 4; lastKnownFileType = sourcecode.c.objc; name = ResumeViewController.m; path = Controllers/ResumeViewController.m; sourceTree = "<group>"; };
		1FF0EAA016552F8D00D3F689 /* Resume.pdf */ = {isa = PBXFileReference; lastKnownFileType = image.pdf; path = Resume.pdf; sourceTree = "<group>"; };
		E48237C3165253A8000C769C /* WallViewController.h */ = {isa = PBXFileReference; fileEncoding = 4; lastKnownFileType = sourcecode.c.h; name = WallViewController.h; path = Controllers/WallViewController.h; sourceTree = "<group>"; };
		E48237C4165253A8000C769C /* WallViewController.m */ = {isa = PBXFileReference; fileEncoding = 4; lastKnownFileType = sourcecode.c.objc; name = WallViewController.m; path = Controllers/WallViewController.m; sourceTree = "<group>"; };
		E4FCA02E16525A30004FCBC6 /* WallCell.h */ = {isa = PBXFileReference; fileEncoding = 4; lastKnownFileType = sourcecode.c.h; name = WallCell.h; path = Controllers/WallCell.h; sourceTree = "<group>"; };
		E4FCA02F16525A30004FCBC6 /* WallCell.m */ = {isa = PBXFileReference; fileEncoding = 4; lastKnownFileType = sourcecode.c.objc; name = WallCell.m; path = Controllers/WallCell.m; sourceTree = "<group>"; };
		E4FCA03216525B27004FCBC6 /* bookmark_blue.png */ = {isa = PBXFileReference; lastKnownFileType = image.png; path = bookmark_blue.png; sourceTree = "<group>"; };
		E4FCA03316525B27004FCBC6 /* bookmark_blue@2x.png */ = {isa = PBXFileReference; lastKnownFileType = image.png; path = "bookmark_blue@2x.png"; sourceTree = "<group>"; };
		E4FCA03416525B27004FCBC6 /* bookmark_green.png */ = {isa = PBXFileReference; lastKnownFileType = image.png; path = bookmark_green.png; sourceTree = "<group>"; };
		E4FCA03516525B27004FCBC6 /* bookmark_green@2x.png */ = {isa = PBXFileReference; lastKnownFileType = image.png; path = "bookmark_green@2x.png"; sourceTree = "<group>"; };
		E4FCA03616525B27004FCBC6 /* bookmark_red.png */ = {isa = PBXFileReference; lastKnownFileType = image.png; path = bookmark_red.png; sourceTree = "<group>"; };
		E4FCA03716525B27004FCBC6 /* bookmark_red@2x.png */ = {isa = PBXFileReference; lastKnownFileType = image.png; path = "bookmark_red@2x.png"; sourceTree = "<group>"; };
		E4FCA03816525B27004FCBC6 /* bookmark_yellow.png */ = {isa = PBXFileReference; lastKnownFileType = image.png; path = bookmark_yellow.png; sourceTree = "<group>"; };
		E4FCA03916525B27004FCBC6 /* bookmark_yellow@2x.png */ = {isa = PBXFileReference; lastKnownFileType = image.png; path = "bookmark_yellow@2x.png"; sourceTree = "<group>"; };
		E4FCA03A16525B27004FCBC6 /* corkboard.png */ = {isa = PBXFileReference; lastKnownFileType = image.png; path = corkboard.png; sourceTree = "<group>"; };
		E4FCA03B16525B27004FCBC6 /* pushpin.png */ = {isa = PBXFileReference; lastKnownFileType = image.png; path = pushpin.png; sourceTree = "<group>"; };
		E4FCA03C16525B27004FCBC6 /* TSItemPolaroid.h */ = {isa = PBXFileReference; fileEncoding = 4; lastKnownFileType = sourcecode.c.h; path = TSItemPolaroid.h; sourceTree = "<group>"; };
		E4FCA03D16525B27004FCBC6 /* TSItemPolaroid.m */ = {isa = PBXFileReference; fileEncoding = 4; lastKnownFileType = sourcecode.c.objc; path = TSItemPolaroid.m; sourceTree = "<group>"; };
		E4FCA04916526D10004FCBC6 /* Cinema-Display.png */ = {isa = PBXFileReference; lastKnownFileType = image.png; path = "Cinema-Display.png"; sourceTree = "<group>"; };
		E4FCA0581652736C004FCBC6 /* BlockActionSheet.h */ = {isa = PBXFileReference; fileEncoding = 4; lastKnownFileType = sourcecode.c.h; path = BlockActionSheet.h; sourceTree = "<group>"; };
		E4FCA0591652736C004FCBC6 /* BlockActionSheet.m */ = {isa = PBXFileReference; fileEncoding = 4; lastKnownFileType = sourcecode.c.objc; path = BlockActionSheet.m; sourceTree = "<group>"; };
		E4FCA05A1652736C004FCBC6 /* BlockAlertView.h */ = {isa = PBXFileReference; fileEncoding = 4; lastKnownFileType = sourcecode.c.h; path = BlockAlertView.h; sourceTree = "<group>"; };
		E4FCA05B1652736C004FCBC6 /* BlockAlertView.m */ = {isa = PBXFileReference; fileEncoding = 4; lastKnownFileType = sourcecode.c.objc; path = BlockAlertView.m; sourceTree = "<group>"; };
		E4FCA05C1652736C004FCBC6 /* BlockBackground.h */ = {isa = PBXFileReference; fileEncoding = 4; lastKnownFileType = sourcecode.c.h; path = BlockBackground.h; sourceTree = "<group>"; };
		E4FCA05D1652736C004FCBC6 /* BlockBackground.m */ = {isa = PBXFileReference; fileEncoding = 4; lastKnownFileType = sourcecode.c.objc; path = BlockBackground.m; sourceTree = "<group>"; };
		E4FCA05E1652736C004FCBC6 /* BlockTextPromptAlertView.h */ = {isa = PBXFileReference; fileEncoding = 4; lastKnownFileType = sourcecode.c.h; path = BlockTextPromptAlertView.h; sourceTree = "<group>"; };
		E4FCA05F1652736C004FCBC6 /* BlockTextPromptAlertView.m */ = {isa = PBXFileReference; fileEncoding = 4; lastKnownFileType = sourcecode.c.objc; path = BlockTextPromptAlertView.m; sourceTree = "<group>"; };
		E4FCA064165273B3004FCBC6 /* BlockUI.h */ = {isa = PBXFileReference; fileEncoding = 4; lastKnownFileType = sourcecode.c.h; path = BlockUI.h; sourceTree = "<group>"; };
		E4FCA066165273D2004FCBC6 /* action-black-button-selected.png */ = {isa = PBXFileReference; lastKnownFileType = image.png; path = "action-black-button-selected.png"; sourceTree = "<group>"; };
		E4FCA067165273D2004FCBC6 /* action-black-button-selected@2x.png */ = {isa = PBXFileReference; lastKnownFileType = image.png; path = "action-black-button-selected@2x.png"; sourceTree = "<group>"; };
		E4FCA068165273D2004FCBC6 /* action-black-button.png */ = {isa = PBXFileReference; lastKnownFileType = image.png; path = "action-black-button.png"; sourceTree = "<group>"; };
		E4FCA069165273D2004FCBC6 /* action-black-button@2x.png */ = {isa = PBXFileReference; lastKnownFileType = image.png; path = "action-black-button@2x.png"; sourceTree = "<group>"; };
		E4FCA06A165273D2004FCBC6 /* action-gray-button-selected.png */ = {isa = PBXFileReference; lastKnownFileType = image.png; path = "action-gray-button-selected.png"; sourceTree = "<group>"; };
		E4FCA06B165273D2004FCBC6 /* action-gray-button-selected@2x.png */ = {isa = PBXFileReference; lastKnownFileType = image.png; path = "action-gray-button-selected@2x.png"; sourceTree = "<group>"; };
		E4FCA06C165273D2004FCBC6 /* action-gray-button.png */ = {isa = PBXFileReference; lastKnownFileType = image.png; path = "action-gray-button.png"; sourceTree = "<group>"; };
		E4FCA06D165273D2004FCBC6 /* action-gray-button@2x.png */ = {isa = PBXFileReference; lastKnownFileType = image.png; path = "action-gray-button@2x.png"; sourceTree = "<group>"; };
		E4FCA06E165273D2004FCBC6 /* action-red-button-selected.png */ = {isa = PBXFileReference; lastKnownFileType = image.png; path = "action-red-button-selected.png"; sourceTree = "<group>"; };
		E4FCA06F165273D2004FCBC6 /* action-red-button-selected@2x.png */ = {isa = PBXFileReference; lastKnownFileType = image.png; path = "action-red-button-selected@2x.png"; sourceTree = "<group>"; };
		E4FCA070165273D2004FCBC6 /* action-red-button.png */ = {isa = PBXFileReference; lastKnownFileType = image.png; path = "action-red-button.png"; sourceTree = "<group>"; };
		E4FCA071165273D2004FCBC6 /* action-red-button@2x.png */ = {isa = PBXFileReference; lastKnownFileType = image.png; path = "action-red-button@2x.png"; sourceTree = "<group>"; };
		E4FCA072165273D2004FCBC6 /* action-sheet-panel.png */ = {isa = PBXFileReference; lastKnownFileType = image.png; path = "action-sheet-panel.png"; sourceTree = "<group>"; };
		E4FCA073165273D2004FCBC6 /* action-sheet-panel@2x.png */ = {isa = PBXFileReference; lastKnownFileType = image.png; path = "action-sheet-panel@2x.png"; sourceTree = "<group>"; };
		E4FCA075165273D2004FCBC6 /* alert-black-button.png */ = {isa = PBXFileReference; lastKnownFileType = image.png; path = "alert-black-button.png"; sourceTree = "<group>"; };
		E4FCA076165273D2004FCBC6 /* alert-black-button@2x.png */ = {isa = PBXFileReference; lastKnownFileType = image.png; path = "alert-black-button@2x.png"; sourceTree = "<group>"; };
		E4FCA077165273D2004FCBC6 /* alert-gray-button.png */ = {isa = PBXFileReference; lastKnownFileType = image.png; path = "alert-gray-button.png"; sourceTree = "<group>"; };
		E4FCA078165273D2004FCBC6 /* alert-gray-button@2x.png */ = {isa = PBXFileReference; lastKnownFileType = image.png; path = "alert-gray-button@2x.png"; sourceTree = "<group>"; };
		E4FCA079165273D2004FCBC6 /* alert-red-button.png */ = {isa = PBXFileReference; lastKnownFileType = image.png; path = "alert-red-button.png"; sourceTree = "<group>"; };
		E4FCA07A165273D2004FCBC6 /* alert-red-button@2x.png */ = {isa = PBXFileReference; lastKnownFileType = image.png; path = "alert-red-button@2x.png"; sourceTree = "<group>"; };
		E4FCA07B165273D2004FCBC6 /* alert-window.png */ = {isa = PBXFileReference; lastKnownFileType = image.png; path = "alert-window.png"; sourceTree = "<group>"; };
		E4FCA07C165273D2004FCBC6 /* alert-window@2x.png */ = {isa = PBXFileReference; lastKnownFileType = image.png; path = "alert-window@2x.png"; sourceTree = "<group>"; };
/* End PBXFileReference section */

/* Begin PBXFrameworksBuildPhase section */
		1F31FDAF16511D5B00A36208 /* Frameworks */ = {
			isa = PBXFrameworksBuildPhase;
			buildActionMask = 2147483647;
			files = (
				1F37ADBA1654F4C40088296B /* QuartzCore.framework in Frameworks */,
				1F37AD771653D1470088296B /* MediaPlayer.framework in Frameworks */,
				1F31FDB716511D5B00A36208 /* UIKit.framework in Frameworks */,
				1F31FDB916511D5B00A36208 /* Foundation.framework in Frameworks */,
				1F31FDBB16511D5B00A36208 /* CoreGraphics.framework in Frameworks */,
			);
			runOnlyForDeploymentPostprocessing = 0;
		};
/* End PBXFrameworksBuildPhase section */

/* Begin PBXGroup section */
		1F31FDA716511D5B00A36208 = {
			isa = PBXGroup;
			children = (
				1F31FDBC16511D5B00A36208 /* CastBookDemo */,
				1F31FDB516511D5B00A36208 /* Frameworks */,
				1F31FDB316511D5B00A36208 /* Products */,
			);
			sourceTree = "<group>";
		};
		1F31FDB316511D5B00A36208 /* Products */ = {
			isa = PBXGroup;
			children = (
				1F31FDB216511D5B00A36208 /* CastBookDemo.app */,
			);
			name = Products;
			sourceTree = "<group>";
		};
		1F31FDB516511D5B00A36208 /* Frameworks */ = {
			isa = PBXGroup;
			children = (
				1F37ADB91654F4C40088296B /* QuartzCore.framework */,
				1F37AD761653D1460088296B /* MediaPlayer.framework */,
				1F31FDB616511D5B00A36208 /* UIKit.framework */,
				1F31FDB816511D5B00A36208 /* Foundation.framework */,
				1F31FDBA16511D5B00A36208 /* CoreGraphics.framework */,
			);
			name = Frameworks;
			sourceTree = "<group>";
		};
		1F31FDBC16511D5B00A36208 /* CastBookDemo */ = {
			isa = PBXGroup;
			children = (
				1F37ADAC1654F42B0088296B /* CKCalendar */,
				E4FCA0571652735B004FCBC6 /* BlockAlerts */,
				E4FCA03116525B27004FCBC6 /* TSItemPolaroid */,
				1F31FDEA165129E400A36208 /* ECSlidingViewController */,
				1F31FDDF1651231800A36208 /* Controllers */,
				1F31FDDE1651230B00A36208 /* Resources */,
				1F31FDC516511D5C00A36208 /* AppDelegate.h */,
				1F31FDC616511D5C00A36208 /* AppDelegate.m */,
				1F31FDBD16511D5C00A36208 /* Supporting Files */,
			);
			path = CastBookDemo;
			sourceTree = "<group>";
		};
		1F31FDBD16511D5C00A36208 /* Supporting Files */ = {
			isa = PBXGroup;
			children = (
				1F31FDBE16511D5C00A36208 /* CastBookDemo-Info.plist */,
				1F31FDBF16511D5C00A36208 /* InfoPlist.strings */,
				1F31FDC216511D5C00A36208 /* main.m */,
				1F31FDC416511D5C00A36208 /* CastBookDemo-Prefix.pch */,
			);
			name = "Supporting Files";
			sourceTree = "<group>";
		};
		1F31FDDE1651230B00A36208 /* Resources */ = {
			isa = PBXGroup;
			children = (
				1FF0EA9F16552F6F00D3F689 /* PDF */,
				1F37AD631653C6730088296B /* Movies */,
				1F31FDE01651233500A36208 /* Images */,
				1F31FDCE16511D5C00A36208 /* MainStoryboard.storyboard */,
			);
			name = Resources;
			sourceTree = "<group>";
		};
		1F31FDDF1651231800A36208 /* Controllers */ = {
			isa = PBXGroup;
			children = (
				1F31FE6C1652668400A36208 /* NavigationTopViewController.h */,
				1F31FE6D1652668500A36208 /* NavigationTopViewController.m */,
				1F31FDE11651236B00A36208 /* SignInViewController.h */,
				1F31FDE21651236B00A36208 /* SignInViewController.m */,
				1F31FE11165147B000A36208 /* InitialSlidingViewController.h */,
				1F31FE12165147B100A36208 /* InitialSlidingViewController.m */,
				1F31FDF8165131BF00A36208 /* MenuViewController.h */,
				1F31FDF9165131BF00A36208 /* MenuViewController.m */,
				1F31FE08165134CE00A36208 /* CalendarViewController.h */,
				1F31FE09165134CE00A36208 /* CalendarViewController.m */,
				1F31FE0A165134CE00A36208 /* MessagesViewController.h */,
				1F31FE0B165134CE00A36208 /* MessagesViewController.m */,
				1F31FDFB165133EB00A36208 /* ProfileViewController.h */,
				1F31FDFC165133EB00A36208 /* ProfileViewController.m */,
				1F31FE051651349300A36208 /* AuditionsViewController.h */,
				1F31FE061651349300A36208 /* AuditionsViewController.m */,
				E48237C3165253A8000C769C /* WallViewController.h */,
				E48237C4165253A8000C769C /* WallViewController.m */,
				E4FCA02E16525A30004FCBC6 /* WallCell.h */,
				E4FCA02F16525A30004FCBC6 /* WallCell.m */,
				1FF0EA9B16552CF500D3F689 /* ResumeViewController.h */,
				1FF0EA9C16552CF500D3F689 /* ResumeViewController.m */,
			);
			name = Controllers;
			sourceTree = "<group>";
		};
		1F31FDE01651233500A36208 /* Images */ = {
			isa = PBXGroup;
			children = (
				1F31FE141651624300A36208 /* Stubs */,
				1FDE07861652ABE90047A9B5 /* JohnAppleseed.png */,
				1F37AD6E1653CA7B0088296B /* demo.png */,
				1F37AD741653CC510088296B /* playButton.png */,
				1F31FDC816511D5C00A36208 /* Default.png */,
				1F31FDCA16511D5C00A36208 /* Default@2x.png */,
				1F31FDCC16511D5C00A36208 /* Default-568h@2x.png */,
			);
			name = Images;
			sourceTree = "<group>";
		};
		1F31FDEA165129E400A36208 /* ECSlidingViewController */ = {
			isa = PBXGroup;
			children = (
				1F31FDEB165129E400A36208 /* ECSlidingViewController.h */,
				1F31FDEC165129E400A36208 /* ECSlidingViewController.m */,
				1F31FDED165129E400A36208 /* UIImage+ImageWithUIView.h */,
				1F31FDEE165129E400A36208 /* UIImage+ImageWithUIView.m */,
			);
			path = ECSlidingViewController;
			sourceTree = "<group>";
		};
		1F31FE141651624300A36208 /* Stubs */ = {
			isa = PBXGroup;
			children = (
				1F31FE201651676F00A36208 /* Wall.png */,
				1F31FE1B165163B800A36208 /* Audition.png */,
				1F31FE191651637900A36208 /* Profile.png */,
				1F31FE17165162D800A36208 /* Messages.png */,
				1F31FE151651625500A36208 /* Calendar.png */,
			);
			name = Stubs;
			sourceTree = "<group>";
		};
		1F37AD631653C6730088296B /* Movies */ = {
			isa = PBXGroup;
			children = (
				1F37AD651653C6810088296B /* demo.mp4 */,
			);
			name = Movies;
			sourceTree = "<group>";
		};
		1F37ADAC1654F42B0088296B /* CKCalendar */ = {
			isa = PBXGroup;
			children = (
				1F37ADAD1654F42B0088296B /* CKCalendarView.h */,
				1F37ADAE1654F42B0088296B /* CKCalendarView.m */,
				1F37ADAF1654F42B0088296B /* resources */,
			);
			path = CKCalendar;
			sourceTree = "<group>";
		};
		1F37ADAF1654F42B0088296B /* resources */ = {
			isa = PBXGroup;
			children = (
				1F37ADB01654F42B0088296B /* left_arrow.png */,
				1F37ADB11654F42B0088296B /* left_arrow@2x.png */,
				1F37ADB21654F42B0088296B /* right_arrow.png */,
				1F37ADB31654F42B0088296B /* right_arrow@2x.png */,
			);
			path = resources;
			sourceTree = "<group>";
		};
		1FF0EA9F16552F6F00D3F689 /* PDF */ = {
			isa = PBXGroup;
			children = (
				1FF0EAA016552F8D00D3F689 /* Resume.pdf */,
			);
			name = PDF;
			sourceTree = "<group>";
		};
		E4FCA03116525B27004FCBC6 /* TSItemPolaroid */ = {
			isa = PBXGroup;
			children = (
				E4FCA03216525B27004FCBC6 /* bookmark_blue.png */,
				E4FCA03316525B27004FCBC6 /* bookmark_blue@2x.png */,
				E4FCA03416525B27004FCBC6 /* bookmark_green.png */,
				E4FCA03516525B27004FCBC6 /* bookmark_green@2x.png */,
				E4FCA03616525B27004FCBC6 /* bookmark_red.png */,
				E4FCA03716525B27004FCBC6 /* bookmark_red@2x.png */,
				E4FCA03816525B27004FCBC6 /* bookmark_yellow.png */,
				E4FCA03916525B27004FCBC6 /* bookmark_yellow@2x.png */,
				E4FCA03A16525B27004FCBC6 /* corkboard.png */,
				E4FCA04916526D10004FCBC6 /* Cinema-Display.png */,
				E4FCA03B16525B27004FCBC6 /* pushpin.png */,
				E4FCA03C16525B27004FCBC6 /* TSItemPolaroid.h */,
				E4FCA03D16525B27004FCBC6 /* TSItemPolaroid.m */,
			);
			path = TSItemPolaroid;
			sourceTree = "<group>";
		};
		E4FCA0571652735B004FCBC6 /* BlockAlerts */ = {
			isa = PBXGroup;
			children = (
				E4FCA065165273D2004FCBC6 /* ActionSheet */,
				E4FCA074165273D2004FCBC6 /* AlertView */,
				E4FCA064165273B3004FCBC6 /* BlockUI.h */,
				E4FCA0581652736C004FCBC6 /* BlockActionSheet.h */,
				E4FCA0591652736C004FCBC6 /* BlockActionSheet.m */,
				E4FCA05A1652736C004FCBC6 /* BlockAlertView.h */,
				E4FCA05B1652736C004FCBC6 /* BlockAlertView.m */,
				E4FCA05C1652736C004FCBC6 /* BlockBackground.h */,
				E4FCA05D1652736C004FCBC6 /* BlockBackground.m */,
				E4FCA05E1652736C004FCBC6 /* BlockTextPromptAlertView.h */,
				E4FCA05F1652736C004FCBC6 /* BlockTextPromptAlertView.m */,
			);
			name = BlockAlerts;
			sourceTree = "<group>";
		};
		E4FCA065165273D2004FCBC6 /* ActionSheet */ = {
			isa = PBXGroup;
			children = (
				E4FCA066165273D2004FCBC6 /* action-black-button-selected.png */,
				E4FCA067165273D2004FCBC6 /* action-black-button-selected@2x.png */,
				E4FCA068165273D2004FCBC6 /* action-black-button.png */,
				E4FCA069165273D2004FCBC6 /* action-black-button@2x.png */,
				E4FCA06A165273D2004FCBC6 /* action-gray-button-selected.png */,
				E4FCA06B165273D2004FCBC6 /* action-gray-button-selected@2x.png */,
				E4FCA06C165273D2004FCBC6 /* action-gray-button.png */,
				E4FCA06D165273D2004FCBC6 /* action-gray-button@2x.png */,
				E4FCA06E165273D2004FCBC6 /* action-red-button-selected.png */,
				E4FCA06F165273D2004FCBC6 /* action-red-button-selected@2x.png */,
				E4FCA070165273D2004FCBC6 /* action-red-button.png */,
				E4FCA071165273D2004FCBC6 /* action-red-button@2x.png */,
				E4FCA072165273D2004FCBC6 /* action-sheet-panel.png */,
				E4FCA073165273D2004FCBC6 /* action-sheet-panel@2x.png */,
			);
			path = ActionSheet;
			sourceTree = "<group>";
		};
		E4FCA074165273D2004FCBC6 /* AlertView */ = {
			isa = PBXGroup;
			children = (
				E4FCA075165273D2004FCBC6 /* alert-black-button.png */,
				E4FCA076165273D2004FCBC6 /* alert-black-button@2x.png */,
				E4FCA077165273D2004FCBC6 /* alert-gray-button.png */,
				E4FCA078165273D2004FCBC6 /* alert-gray-button@2x.png */,
				E4FCA079165273D2004FCBC6 /* alert-red-button.png */,
				E4FCA07A165273D2004FCBC6 /* alert-red-button@2x.png */,
				E4FCA07B165273D2004FCBC6 /* alert-window.png */,
				E4FCA07C165273D2004FCBC6 /* alert-window@2x.png */,
			);
			path = AlertView;
			sourceTree = "<group>";
		};
/* End PBXGroup section */

/* Begin PBXNativeTarget section */
		1F31FDB116511D5B00A36208 /* CastBookDemo */ = {
			isa = PBXNativeTarget;
			buildConfigurationList = 1F31FDD616511D5C00A36208 /* Build configuration list for PBXNativeTarget "CastBookDemo" */;
			buildPhases = (
				1F31FDAE16511D5B00A36208 /* Sources */,
				1F31FDAF16511D5B00A36208 /* Frameworks */,
				1F31FDB016511D5B00A36208 /* Resources */,
			);
			buildRules = (
			);
			dependencies = (
			);
			name = CastBookDemo;
			productName = CastBookDemo;
			productReference = 1F31FDB216511D5B00A36208 /* CastBookDemo.app */;
			productType = "com.apple.product-type.application";
		};
/* End PBXNativeTarget section */

/* Begin PBXProject section */
		1F31FDA916511D5B00A36208 /* Project object */ = {
			isa = PBXProject;
			attributes = {
				LastUpgradeCheck = 0450;
				ORGANIZATIONNAME = softserve;
			};
			buildConfigurationList = 1F31FDAC16511D5B00A36208 /* Build configuration list for PBXProject "CastBookDemo" */;
			compatibilityVersion = "Xcode 3.2";
			developmentRegion = English;
			hasScannedForEncodings = 0;
			knownRegions = (
				en,
			);
			mainGroup = 1F31FDA716511D5B00A36208;
			productRefGroup = 1F31FDB316511D5B00A36208 /* Products */;
			projectDirPath = "";
			projectRoot = "";
			targets = (
				1F31FDB116511D5B00A36208 /* CastBookDemo */,
			);
		};
/* End PBXProject section */

/* Begin PBXResourcesBuildPhase section */
		1F31FDB016511D5B00A36208 /* Resources */ = {
			isa = PBXResourcesBuildPhase;
			buildActionMask = 2147483647;
			files = (
				1F31FDC116511D5C00A36208 /* InfoPlist.strings in Resources */,
				1F31FDC916511D5C00A36208 /* Default.png in Resources */,
				1F31FDCB16511D5C00A36208 /* Default@2x.png in Resources */,
				1F31FDCD16511D5C00A36208 /* Default-568h@2x.png in Resources */,
				1F31FDD016511D5C00A36208 /* MainStoryboard.storyboard in Resources */,
				1F31FE161651625500A36208 /* Calendar.png in Resources */,
				1F31FE18165162D800A36208 /* Messages.png in Resources */,
				1F31FE1A1651637900A36208 /* Profile.png in Resources */,
				1F31FE1C165163B800A36208 /* Audition.png in Resources */,
				1F31FE211651676F00A36208 /* Wall.png in Resources */,
				E4FCA03E16525B27004FCBC6 /* bookmark_blue.png in Resources */,
				E4FCA03F16525B27004FCBC6 /* bookmark_blue@2x.png in Resources */,
				E4FCA04016525B27004FCBC6 /* bookmark_green.png in Resources */,
				E4FCA04116525B27004FCBC6 /* bookmark_green@2x.png in Resources */,
				E4FCA04216525B27004FCBC6 /* bookmark_red.png in Resources */,
				E4FCA04316525B27004FCBC6 /* bookmark_red@2x.png in Resources */,
				E4FCA04416525B27004FCBC6 /* bookmark_yellow.png in Resources */,
				E4FCA04516525B27004FCBC6 /* bookmark_yellow@2x.png in Resources */,
				E4FCA04616525B27004FCBC6 /* corkboard.png in Resources */,
				E4FCA04716525B27004FCBC6 /* pushpin.png in Resources */,
				E4FCA04A16526D10004FCBC6 /* Cinema-Display.png in Resources */,
				E4FCA07D165273D3004FCBC6 /* action-black-button-selected.png in Resources */,
				E4FCA07E165273D3004FCBC6 /* action-black-button-selected@2x.png in Resources */,
				E4FCA07F165273D3004FCBC6 /* action-black-button.png in Resources */,
				E4FCA080165273D3004FCBC6 /* action-black-button@2x.png in Resources */,
				E4FCA081165273D3004FCBC6 /* action-gray-button-selected.png in Resources */,
				E4FCA082165273D3004FCBC6 /* action-gray-button-selected@2x.png in Resources */,
				E4FCA083165273D3004FCBC6 /* action-gray-button.png in Resources */,
				E4FCA084165273D3004FCBC6 /* action-gray-button@2x.png in Resources */,
				E4FCA085165273D3004FCBC6 /* action-red-button-selected.png in Resources */,
				E4FCA086165273D3004FCBC6 /* action-red-button-selected@2x.png in Resources */,
				E4FCA087165273D3004FCBC6 /* action-red-button.png in Resources */,
				E4FCA088165273D3004FCBC6 /* action-red-button@2x.png in Resources */,
				E4FCA089165273D3004FCBC6 /* action-sheet-panel.png in Resources */,
				E4FCA08A165273D3004FCBC6 /* action-sheet-panel@2x.png in Resources */,
				E4FCA08B165273D3004FCBC6 /* alert-black-button.png in Resources */,
				E4FCA08C165273D3004FCBC6 /* alert-black-button@2x.png in Resources */,
				E4FCA08D165273D3004FCBC6 /* alert-gray-button.png in Resources */,
				E4FCA08E165273D3004FCBC6 /* alert-gray-button@2x.png in Resources */,
				E4FCA08F165273D3004FCBC6 /* alert-red-button.png in Resources */,
				E4FCA090165273D3004FCBC6 /* alert-red-button@2x.png in Resources */,
				E4FCA091165273D3004FCBC6 /* alert-window.png in Resources */,
				E4FCA092165273D3004FCBC6 /* alert-window@2x.png in Resources */,
				1FDE07871652ABE90047A9B5 /* JohnAppleseed.png in Resources */,
				1F37AD6F1653CA7B0088296B /* demo.png in Resources */,
				1F37AD751653CC510088296B /* playButton.png in Resources */,
				1F37AD781653D4B90088296B /* demo.mp4 in Resources */,
				1F37ADB51654F42B0088296B /* left_arrow.png in Resources */,
				1F37ADB61654F42B0088296B /* left_arrow@2x.png in Resources */,
				1F37ADB71654F42B0088296B /* right_arrow.png in Resources */,
				1F37ADB81654F42B0088296B /* right_arrow@2x.png in Resources */,
				1FF0EAA116552F8D00D3F689 /* Resume.pdf in Resources */,
			);
			runOnlyForDeploymentPostprocessing = 0;
		};
/* End PBXResourcesBuildPhase section */

/* Begin PBXSourcesBuildPhase section */
		1F31FDAE16511D5B00A36208 /* Sources */ = {
			isa = PBXSourcesBuildPhase;
			buildActionMask = 2147483647;
			files = (
				1F31FDC316511D5C00A36208 /* main.m in Sources */,
				1F31FDC716511D5C00A36208 /* AppDelegate.m in Sources */,
				1F31FDE31651236B00A36208 /* SignInViewController.m in Sources */,
				1F31FDEF165129E400A36208 /* ECSlidingViewController.m in Sources */,
				1F31FDF0165129E400A36208 /* UIImage+ImageWithUIView.m in Sources */,
				1F31FDFA165131BF00A36208 /* MenuViewController.m in Sources */,
				1F31FDFD165133EB00A36208 /* ProfileViewController.m in Sources */,
				1F31FE071651349300A36208 /* AuditionsViewController.m in Sources */,
				1F31FE0C165134CE00A36208 /* CalendarViewController.m in Sources */,
				1F31FE0D165134CE00A36208 /* MessagesViewController.m in Sources */,
				1F31FE13165147B200A36208 /* InitialSlidingViewController.m in Sources */,
				1F31FE6E1652668500A36208 /* NavigationTopViewController.m in Sources */,
				E48237C5165253A8000C769C /* WallViewController.m in Sources */,
				E4FCA03016525A30004FCBC6 /* WallCell.m in Sources */,
				E4FCA04816525B27004FCBC6 /* TSItemPolaroid.m in Sources */,
				E4FCA0601652736C004FCBC6 /* BlockActionSheet.m in Sources */,
				E4FCA0611652736C004FCBC6 /* BlockAlertView.m in Sources */,
				E4FCA0621652736C004FCBC6 /* BlockBackground.m in Sources */,
				E4FCA0631652736C004FCBC6 /* BlockTextPromptAlertView.m in Sources */,
				1F37ADB41654F42B0088296B /* CKCalendarView.m in Sources */,
				1FF0EA9D16552CF500D3F689 /* ResumeViewController.m in Sources */,
			);
			runOnlyForDeploymentPostprocessing = 0;
		};
/* End PBXSourcesBuildPhase section */

/* Begin PBXVariantGroup section */
		1F31FDBF16511D5C00A36208 /* InfoPlist.strings */ = {
			isa = PBXVariantGroup;
			children = (
				1F31FDC016511D5C00A36208 /* en */,
			);
			name = InfoPlist.strings;
			sourceTree = "<group>";
		};
		1F31FDCE16511D5C00A36208 /* MainStoryboard.storyboard */ = {
			isa = PBXVariantGroup;
			children = (
				1F31FDCF16511D5C00A36208 /* en */,
			);
			name = MainStoryboard.storyboard;
			sourceTree = "<group>";
		};
/* End PBXVariantGroup section */

/* Begin XCBuildConfiguration section */
		1F31FDD416511D5C00A36208 /* Debug */ = {
			isa = XCBuildConfiguration;
			buildSettings = {
				ALWAYS_SEARCH_USER_PATHS = NO;
				CLANG_CXX_LANGUAGE_STANDARD = "gnu++0x";
				CLANG_CXX_LIBRARY = "libc++";
				CLANG_WARN_EMPTY_BODY = YES;
				CLANG_WARN__DUPLICATE_METHOD_MATCH = YES;
				"CODE_SIGN_IDENTITY[sdk=iphoneos*]" = "iPhone Developer";
				COPY_PHASE_STRIP = NO;
				GCC_C_LANGUAGE_STANDARD = gnu99;
				GCC_DYNAMIC_NO_PIC = NO;
				GCC_OPTIMIZATION_LEVEL = 0;
				GCC_PREPROCESSOR_DEFINITIONS = (
					"DEBUG=1",
					"$(inherited)",
				);
				GCC_SYMBOLS_PRIVATE_EXTERN = NO;
				GCC_WARN_ABOUT_RETURN_TYPE = YES;
				GCC_WARN_UNINITIALIZED_AUTOS = YES;
				GCC_WARN_UNUSED_VARIABLE = YES;
				IPHONEOS_DEPLOYMENT_TARGET = 6.0;
				ONLY_ACTIVE_ARCH = YES;
				SDKROOT = iphoneos;
			};
			name = Debug;
		};
		1F31FDD516511D5C00A36208 /* Release */ = {
			isa = XCBuildConfiguration;
			buildSettings = {
				ALWAYS_SEARCH_USER_PATHS = NO;
				CLANG_CXX_LANGUAGE_STANDARD = "gnu++0x";
				CLANG_CXX_LIBRARY = "libc++";
				CLANG_WARN_EMPTY_BODY = YES;
				CLANG_WARN__DUPLICATE_METHOD_MATCH = YES;
				"CODE_SIGN_IDENTITY[sdk=iphoneos*]" = "iPhone Developer";
				COPY_PHASE_STRIP = YES;
				GCC_C_LANGUAGE_STANDARD = gnu99;
				GCC_WARN_ABOUT_RETURN_TYPE = YES;
				GCC_WARN_UNINITIALIZED_AUTOS = YES;
				GCC_WARN_UNUSED_VARIABLE = YES;
				IPHONEOS_DEPLOYMENT_TARGET = 6.0;
				OTHER_CFLAGS = "-DNS_BLOCK_ASSERTIONS=1";
				SDKROOT = iphoneos;
				VALIDATE_PRODUCT = YES;
			};
			name = Release;
		};
		1F31FDD716511D5C00A36208 /* Debug */ = {
			isa = XCBuildConfiguration;
			buildSettings = {
				CLANG_WARN_OBJCPP_ARC_ABI = NO;
				GCC_PRECOMPILE_PREFIX_HEADER = YES;
				GCC_PREFIX_HEADER = "CastBookDemo/CastBookDemo-Prefix.pch";
				INFOPLIST_FILE = "CastBookDemo/CastBookDemo-Info.plist";
				IPHONEOS_DEPLOYMENT_TARGET = 5.0;
				PRODUCT_NAME = "$(TARGET_NAME)";
				WRAPPER_EXTENSION = app;
			};
			name = Debug;
		};
		1F31FDD816511D5C00A36208 /* Release */ = {
			isa = XCBuildConfiguration;
			buildSettings = {
				CLANG_WARN_OBJCPP_ARC_ABI = NO;
				GCC_PRECOMPILE_PREFIX_HEADER = YES;
				GCC_PREFIX_HEADER = "CastBookDemo/CastBookDemo-Prefix.pch";
				INFOPLIST_FILE = "CastBookDemo/CastBookDemo-Info.plist";
				IPHONEOS_DEPLOYMENT_TARGET = 5.0;
				PRODUCT_NAME = "$(TARGET_NAME)";
				WRAPPER_EXTENSION = app;
			};
			name = Release;
		};
/* End XCBuildConfiguration section */

/* Begin XCConfigurationList section */
		1F31FDAC16511D5B00A36208 /* Build configuration list for PBXProject "CastBookDemo" */ = {
			isa = XCConfigurationList;
			buildConfigurations = (
				1F31FDD416511D5C00A36208 /* Debug */,
				1F31FDD516511D5C00A36208 /* Release */,
			);
			defaultConfigurationIsVisible = 0;
			defaultConfigurationName = Release;
		};
		1F31FDD616511D5C00A36208 /* Build configuration list for PBXNativeTarget "CastBookDemo" */ = {
			isa = XCConfigurationList;
			buildConfigurations = (
				1F31FDD716511D5C00A36208 /* Debug */,
				1F31FDD816511D5C00A36208 /* Release */,
			);
			defaultConfigurationIsVisible = 0;
			defaultConfigurationName = Release;
		};
/* End XCConfigurationList section */
	};
	rootObject = 1F31FDA916511D5B00A36208 /* Project object */;
}
