// !$*UTF8*$!
{
	archiveVersion = 1;
	classes = {
	};
	objectVersion = 46;
	objects = {

/* Begin PBXBuildFile section */
		1F31FDB716511D5B00A36208 /* UIKit.framework in Frameworks */ = {isa = PBXBuildFile; fileRef = 1F31FDB616511D5B00A36208 /* UIKit.framework */; };
		1F31FDB916511D5B00A36208 /* Foundation.framework in Frameworks */ = {isa = PBXBuildFile; fileRef = 1F31FDB816511D5B00A36208 /* Foundation.framework */; };
		1F31FDBB16511D5B00A36208 /* CoreGraphics.framework in Frameworks */ = {isa = PBXBuildFile; fileRef = 1F31FDBA16511D5B00A36208 /* CoreGraphics.framework */; };
		1F31FDC116511D5C00A36208 /* InfoPlist.strings in Resources */ = {isa = PBXBuildFile; fileRef = 1F31FDBF16511D5C00A36208 /* InfoPlist.strings */; };
		1F31FDC316511D5C00A36208 /* main.m in Sources */ = {isa = PBXBuildFile; fileRef = 1F31FDC216511D5C00A36208 /* main.m */; };
		1F31FDC716511D5C00A36208 /* AppDelegate.m in Sources */ = {isa = PBXBuildFile; fileRef = 1F31FDC616511D5C00A36208 /* AppDelegate.m */; };
		1F31FDC916511D5C00A36208 /* Default.png in Resources */ = {isa = PBXBuildFile; fileRef = 1F31FDC816511D5C00A36208 /* Default.png */; };
		1F31FDCB16511D5C00A36208 /* Default@2x.png in Resources */ = {isa = PBXBuildFile; fileRef = 1F31FDCA16511D5C00A36208 /* Default@2x.png */; };
		1F31FDCD16511D5C00A36208 /* Default-568h@2x.png in Resources */ = {isa = PBXBuildFile; fileRef = 1F31FDCC16511D5C00A36208 /* Default-568h@2x.png */; };
		1F31FDD016511D5C00A36208 /* MainStoryboard.storyboard in Resources */ = {isa = PBXBuildFile; fileRef = 1F31FDCE16511D5C00A36208 /* MainStoryboard.storyboard */; };
		1F31FDE31651236B00A36208 /* SignInViewController.m in Sources */ = {isa = PBXBuildFile; fileRef = 1F31FDE21651236B00A36208 /* SignInViewController.m */; };
		1F31FDEF165129E400A36208 /* ECSlidingViewController.m in Sources */ = {isa = PBXBuildFile; fileRef = 1F31FDEC165129E400A36208 /* ECSlidingViewController.m */; };
		1F31FDF0165129E400A36208 /* UIImage+ImageWithUIView.m in Sources */ = {isa = PBXBuildFile; fileRef = 1F31FDEE165129E400A36208 /* UIImage+ImageWithUIView.m */; };
/* End PBXBuildFile section */

/* Begin PBXFileReference section */
		1F31FDB216511D5B00A36208 /* CastBookDemo.app */ = {isa = PBXFileReference; explicitFileType = wrapper.application; includeInIndex = 0; path = CastBookDemo.app; sourceTree = BUILT_PRODUCTS_DIR; };
		1F31FDB616511D5B00A36208 /* UIKit.framework */ = {isa = PBXFileReference; lastKnownFileType = wrapper.framework; name = UIKit.framework; path = System/Library/Frameworks/UIKit.framework; sourceTree = SDKROOT; };
		1F31FDB816511D5B00A36208 /* Foundation.framework */ = {isa = PBXFileReference; lastKnownFileType = wrapper.framework; name = Foundation.framework; path = System/Library/Frameworks/Foundation.framework; sourceTree = SDKROOT; };
		1F31FDBA16511D5B00A36208 /* CoreGraphics.framework */ = {isa = PBXFileReference; lastKnownFileType = wrapper.framework; name = CoreGraphics.framework; path = System/Library/Frameworks/CoreGraphics.framework; sourceTree = SDKROOT; };
		1F31FDBE16511D5C00A36208 /* CastBookDemo-Info.plist */ = {isa = PBXFileReference; lastKnownFileType = text.plist.xml; path = "CastBookDemo-Info.plist"; sourceTree = "<group>"; };
		1F31FDC016511D5C00A36208 /* en */ = {isa = PBXFileReference; lastKnownFileType = text.plist.strings; name = en; path = en.lproj/InfoPlist.strings; sourceTree = "<group>"; };
		1F31FDC216511D5C00A36208 /* main.m */ = {isa = PBXFileReference; lastKnownFileType = sourcecode.c.objc; path = main.m; sourceTree = "<group>"; };
		1F31FDC416511D5C00A36208 /* CastBookDemo-Prefix.pch */ = {isa = PBXFileReference; lastKnownFileType = sourcecode.c.h; path = "CastBookDemo-Prefix.pch"; sourceTree = "<group>"; };
		1F31FDC516511D5C00A36208 /* AppDelegate.h */ = {isa = PBXFileReference; lastKnownFileType = sourcecode.c.h; path = AppDelegate.h; sourceTree = "<group>"; };
		1F31FDC616511D5C00A36208 /* AppDelegate.m */ = {isa = PBXFileReference; lastKnownFileType = sourcecode.c.objc; path = AppDelegate.m; sourceTree = "<group>"; };
		1F31FDC816511D5C00A36208 /* Default.png */ = {isa = PBXFileReference; lastKnownFileType = image.png; path = Default.png; sourceTree = "<group>"; };
		1F31FDCA16511D5C00A36208 /* Default@2x.png */ = {isa = PBXFileReference; lastKnownFileType = image.png; path = "Default@2x.png"; sourceTree = "<group>"; };
		1F31FDCC16511D5C00A36208 /* Default-568h@2x.png */ = {isa = PBXFileReference; lastKnownFileType = image.png; path = "Default-568h@2x.png"; sourceTree = "<group>"; };
		1F31FDCF16511D5C00A36208 /* en */ = {isa = PBXFileReference; lastKnownFileType = file.storyboard; name = en; path = en.lproj/MainStoryboard.storyboard; sourceTree = "<group>"; };
		1F31FDE11651236B00A36208 /* SignInViewController.h */ = {isa = PBXFileReference; fileEncoding = 4; lastKnownFileType = sourcecode.c.h; name = SignInViewController.h; path = Controllers/SignInViewController.h; sourceTree = "<group>"; };
		1F31FDE21651236B00A36208 /* SignInViewController.m */ = {isa = PBXFileReference; fileEncoding = 4; lastKnownFileType = sourcecode.c.objc; name = SignInViewController.m; path = Controllers/SignInViewController.m; sourceTree = "<group>"; };
		1F31FDEB165129E400A36208 /* ECSlidingViewController.h */ = {isa = PBXFileReference; fileEncoding = 4; lastKnownFileType = sourcecode.c.h; path = ECSlidingViewController.h; sourceTree = "<group>"; };
		1F31FDEC165129E400A36208 /* ECSlidingViewController.m */ = {isa = PBXFileReference; fileEncoding = 4; lastKnownFileType = sourcecode.c.objc; path = ECSlidingViewController.m; sourceTree = "<group>"; };
		1F31FDED165129E400A36208 /* UIImage+ImageWithUIView.h */ = {isa = PBXFileReference; fileEncoding = 4; lastKnownFileType = sourcecode.c.h; path = "UIImage+ImageWithUIView.h"; sourceTree = "<group>"; };
		1F31FDEE165129E400A36208 /* UIImage+ImageWithUIView.m */ = {isa = PBXFileReference; fileEncoding = 4; lastKnownFileType = sourcecode.c.objc; path = "UIImage+ImageWithUIView.m"; sourceTree = "<group>"; };
/* End PBXFileReference section */

/* Begin PBXFrameworksBuildPhase section */
		1F31FDAF16511D5B00A36208 /* Frameworks */ = {
			isa = PBXFrameworksBuildPhase;
			buildActionMask = 2147483647;
			files = (
				1F31FDB716511D5B00A36208 /* UIKit.framework in Frameworks */,
				1F31FDB916511D5B00A36208 /* Foundation.framework in Frameworks */,
				1F31FDBB16511D5B00A36208 /* CoreGraphics.framework in Frameworks */,
			);
			runOnlyForDeploymentPostprocessing = 0;
		};
/* End PBXFrameworksBuildPhase section */

/* Begin PBXGroup section */
		1F31FDA716511D5B00A36208 = {
			isa = PBXGroup;
			children = (
				1F31FDBC16511D5B00A36208 /* CastBookDemo */,
				1F31FDB516511D5B00A36208 /* Frameworks */,
				1F31FDB316511D5B00A36208 /* Products */,
			);
			sourceTree = "<group>";
		};
		1F31FDB316511D5B00A36208 /* Products */ = {
			isa = PBXGroup;
			children = (
				1F31FDB216511D5B00A36208 /* CastBookDemo.app */,
			);
			name = Products;
			sourceTree = "<group>";
		};
		1F31FDB516511D5B00A36208 /* Frameworks */ = {
			isa = PBXGroup;
			children = (
				1F31FDB616511D5B00A36208 /* UIKit.framework */,
				1F31FDB816511D5B00A36208 /* Foundation.framework */,
				1F31FDBA16511D5B00A36208 /* CoreGraphics.framework */,
			);
			name = Frameworks;
			sourceTree = "<group>";
		};
		1F31FDBC16511D5B00A36208 /* CastBookDemo */ = {
			isa = PBXGroup;
			children = (
				1F31FDEA165129E400A36208 /* ECSlidingViewController */,
				1F31FDDF1651231800A36208 /* Controllers */,
				1F31FDDE1651230B00A36208 /* Resources */,
				1F31FDC516511D5C00A36208 /* AppDelegate.h */,
				1F31FDC616511D5C00A36208 /* AppDelegate.m */,
				1F31FDBD16511D5C00A36208 /* Supporting Files */,
			);
			path = CastBookDemo;
			sourceTree = "<group>";
		};
		1F31FDBD16511D5C00A36208 /* Supporting Files */ = {
			isa = PBXGroup;
			children = (
				1F31FDBE16511D5C00A36208 /* CastBookDemo-Info.plist */,
				1F31FDBF16511D5C00A36208 /* InfoPlist.strings */,
				1F31FDC216511D5C00A36208 /* main.m */,
				1F31FDC416511D5C00A36208 /* CastBookDemo-Prefix.pch */,
			);
			name = "Supporting Files";
			sourceTree = "<group>";
		};
		1F31FDDE1651230B00A36208 /* Resources */ = {
			isa = PBXGroup;
			children = (
				1F31FDE01651233500A36208 /* Images */,
				1F31FDCE16511D5C00A36208 /* MainStoryboard.storyboard */,
			);
			name = Resources;
			sourceTree = "<group>";
		};
		1F31FDDF1651231800A36208 /* Controllers */ = {
			isa = PBXGroup;
			children = (
				1F31FDE11651236B00A36208 /* SignInViewController.h */,
				1F31FDE21651236B00A36208 /* SignInViewController.m */,
			);
			name = Controllers;
			sourceTree = "<group>";
		};
		1F31FDE01651233500A36208 /* Images */ = {
			isa = PBXGroup;
			children = (
				1F31FDC816511D5C00A36208 /* Default.png */,
				1F31FDCA16511D5C00A36208 /* Default@2x.png */,
				1F31FDCC16511D5C00A36208 /* Default-568h@2x.png */,
			);
			name = Images;
			sourceTree = "<group>";
		};
		1F31FDEA165129E400A36208 /* ECSlidingViewController */ = {
			isa = PBXGroup;
			children = (
				1F31FDEB165129E400A36208 /* ECSlidingViewController.h */,
				1F31FDEC165129E400A36208 /* ECSlidingViewController.m */,
				1F31FDED165129E400A36208 /* UIImage+ImageWithUIView.h */,
				1F31FDEE165129E400A36208 /* UIImage+ImageWithUIView.m */,
			);
			path = ECSlidingViewController;
			sourceTree = "<group>";
		};
/* End PBXGroup section */

/* Begin PBXNativeTarget section */
		1F31FDB116511D5B00A36208 /* CastBookDemo */ = {
			isa = PBXNativeTarget;
			buildConfigurationList = 1F31FDD616511D5C00A36208 /* Build configuration list for PBXNativeTarget "CastBookDemo" */;
			buildPhases = (
				1F31FDAE16511D5B00A36208 /* Sources */,
				1F31FDAF16511D5B00A36208 /* Frameworks */,
				1F31FDB016511D5B00A36208 /* Resources */,
			);
			buildRules = (
			);
			dependencies = (
			);
			name = CastBookDemo;
			productName = CastBookDemo;
			productReference = 1F31FDB216511D5B00A36208 /* CastBookDemo.app */;
			productType = "com.apple.product-type.application";
		};
/* End PBXNativeTarget section */

/* Begin PBXProject section */
		1F31FDA916511D5B00A36208 /* Project object */ = {
			isa = PBXProject;
			attributes = {
				LastUpgradeCheck = 0450;
				ORGANIZATIONNAME = softserve;
			};
			buildConfigurationList = 1F31FDAC16511D5B00A36208 /* Build configuration list for PBXProject "CastBookDemo" */;
			compatibilityVersion = "Xcode 3.2";
			developmentRegion = English;
			hasScannedForEncodings = 0;
			knownRegions = (
				en,
			);
			mainGroup = 1F31FDA716511D5B00A36208;
			productRefGroup = 1F31FDB316511D5B00A36208 /* Products */;
			projectDirPath = "";
			projectRoot = "";
			targets = (
				1F31FDB116511D5B00A36208 /* CastBookDemo */,
			);
		};
/* End PBXProject section */

/* Begin PBXResourcesBuildPhase section */
		1F31FDB016511D5B00A36208 /* Resources */ = {
			isa = PBXResourcesBuildPhase;
			buildActionMask = 2147483647;
			files = (
				1F31FDC116511D5C00A36208 /* InfoPlist.strings in Resources */,
				1F31FDC916511D5C00A36208 /* Default.png in Resources */,
				1F31FDCB16511D5C00A36208 /* Default@2x.png in Resources */,
				1F31FDCD16511D5C00A36208 /* Default-568h@2x.png in Resources */,
				1F31FDD016511D5C00A36208 /* MainStoryboard.storyboard in Resources */,
			);
			runOnlyForDeploymentPostprocessing = 0;
		};
/* End PBXResourcesBuildPhase section */

/* Begin PBXSourcesBuildPhase section */
		1F31FDAE16511D5B00A36208 /* Sources */ = {
			isa = PBXSourcesBuildPhase;
			buildActionMask = 2147483647;
			files = (
				1F31FDC316511D5C00A36208 /* main.m in Sources */,
				1F31FDC716511D5C00A36208 /* AppDelegate.m in Sources */,
				1F31FDE31651236B00A36208 /* SignInViewController.m in Sources */,
				1F31FDEF165129E400A36208 /* ECSlidingViewController.m in Sources */,
				1F31FDF0165129E400A36208 /* UIImage+ImageWithUIView.m in Sources */,
			);
			runOnlyForDeploymentPostprocessing = 0;
		};
/* End PBXSourcesBuildPhase section */

/* Begin PBXVariantGroup section */
		1F31FDBF16511D5C00A36208 /* InfoPlist.strings */ = {
			isa = PBXVariantGroup;
			children = (
				1F31FDC016511D5C00A36208 /* en */,
			);
			name = InfoPlist.strings;
			sourceTree = "<group>";
		};
		1F31FDCE16511D5C00A36208 /* MainStoryboard.storyboard */ = {
			isa = PBXVariantGroup;
			children = (
				1F31FDCF16511D5C00A36208 /* en */,
			);
			name = MainStoryboard.storyboard;
			sourceTree = "<group>";
		};
/* End PBXVariantGroup section */

/* Begin XCBuildConfiguration section */
		1F31FDD416511D5C00A36208 /* Debug */ = {
			isa = XCBuildConfiguration;
			buildSettings = {
				ALWAYS_SEARCH_USER_PATHS = NO;
				CLANG_CXX_LANGUAGE_STANDARD = "gnu++0x";
				CLANG_CXX_LIBRARY = "libc++";
				CLANG_WARN_EMPTY_BODY = YES;
				CLANG_WARN__DUPLICATE_METHOD_MATCH = YES;
				"CODE_SIGN_IDENTITY[sdk=iphoneos*]" = "iPhone Developer";
				COPY_PHASE_STRIP = NO;
				GCC_C_LANGUAGE_STANDARD = gnu99;
				GCC_DYNAMIC_NO_PIC = NO;
				GCC_OPTIMIZATION_LEVEL = 0;
				GCC_PREPROCESSOR_DEFINITIONS = (
					"DEBUG=1",
					"$(inherited)",
				);
				GCC_SYMBOLS_PRIVATE_EXTERN = NO;
				GCC_WARN_ABOUT_RETURN_TYPE = YES;
				GCC_WARN_UNINITIALIZED_AUTOS = YES;
				GCC_WARN_UNUSED_VARIABLE = YES;
				IPHONEOS_DEPLOYMENT_TARGET = 6.0;
				ONLY_ACTIVE_ARCH = YES;
				SDKROOT = iphoneos;
			};
			name = Debug;
		};
		1F31FDD516511D5C00A36208 /* Release */ = {
			isa = XCBuildConfiguration;
			buildSettings = {
				ALWAYS_SEARCH_USER_PATHS = NO;
				CLANG_CXX_LANGUAGE_STANDARD = "gnu++0x";
				CLANG_CXX_LIBRARY = "libc++";
				CLANG_WARN_EMPTY_BODY = YES;
				CLANG_WARN__DUPLICATE_METHOD_MATCH = YES;
				"CODE_SIGN_IDENTITY[sdk=iphoneos*]" = "iPhone Developer";
				COPY_PHASE_STRIP = YES;
				GCC_C_LANGUAGE_STANDARD = gnu99;
				GCC_WARN_ABOUT_RETURN_TYPE = YES;
				GCC_WARN_UNINITIALIZED_AUTOS = YES;
				GCC_WARN_UNUSED_VARIABLE = YES;
				IPHONEOS_DEPLOYMENT_TARGET = 6.0;
				OTHER_CFLAGS = "-DNS_BLOCK_ASSERTIONS=1";
				SDKROOT = iphoneos;
				VALIDATE_PRODUCT = YES;
			};
			name = Release;
		};
		1F31FDD716511D5C00A36208 /* Debug */ = {
			isa = XCBuildConfiguration;
			buildSettings = {
				GCC_PRECOMPILE_PREFIX_HEADER = YES;
				GCC_PREFIX_HEADER = "CastBookDemo/CastBookDemo-Prefix.pch";
				INFOPLIST_FILE = "CastBookDemo/CastBookDemo-Info.plist";
				PRODUCT_NAME = "$(TARGET_NAME)";
				WRAPPER_EXTENSION = app;
			};
			name = Debug;
		};
		1F31FDD816511D5C00A36208 /* Release */ = {
			isa = XCBuildConfiguration;
			buildSettings = {
				GCC_PRECOMPILE_PREFIX_HEADER = YES;
				GCC_PREFIX_HEADER = "CastBookDemo/CastBookDemo-Prefix.pch";
				INFOPLIST_FILE = "CastBookDemo/CastBookDemo-Info.plist";
				PRODUCT_NAME = "$(TARGET_NAME)";
				WRAPPER_EXTENSION = app;
			};
			name = Release;
		};
/* End XCBuildConfiguration section */

/* Begin XCConfigurationList section */
		1F31FDAC16511D5B00A36208 /* Build configuration list for PBXProject "CastBookDemo" */ = {
			isa = XCConfigurationList;
			buildConfigurations = (
				1F31FDD416511D5C00A36208 /* Debug */,
				1F31FDD516511D5C00A36208 /* Release */,
			);
			defaultConfigurationIsVisible = 0;
			defaultConfigurationName = Release;
		};
		1F31FDD616511D5C00A36208 /* Build configuration list for PBXNativeTarget "CastBookDemo" */ = {
			isa = XCConfigurationList;
			buildConfigurations = (
				1F31FDD716511D5C00A36208 /* Debug */,
				1F31FDD816511D5C00A36208 /* Release */,
			);
			defaultConfigurationIsVisible = 0;
			defaultConfigurationName = Release;
		};
/* End XCConfigurationList section */
	};
	rootObject = 1F31FDA916511D5B00A36208 /* Project object */;
}
